
Microsoft Visual Studio Solution File, Format Version 12.00
# Visual Studio Version 16
VisualStudioVersion = 16.0.31005.135
MinimumVisualStudioVersion = 10.0.40219.1
Project("{9A19103F-16F7-4668-BE54-9A1E7A4F7556}") = "Hahn.ApplicationProcess.February2021.Web", "Hahn.ApplicationProcess.February2021.Web\Hahn.ApplicationProcess.February2021.Web.csproj", "{51AF76E9-531A-4D7C-8470-63FCE8A4DA2C}"
EndProject
Project("{2150E333-8FDC-42A3-9474-1A3956D46DE8}") = "Core", "Core", "{7F5DF94F-136F-4A3B-91F1-7A436F37D4D0}"
EndProject
Project("{9A19103F-16F7-4668-BE54-9A1E7A4F7556}") = "Hahn.ApplicationProcess.February2021.Data", "Hahn.ApplicationProcess.February2021.Data\Hahn.ApplicationProcess.February2021.Data.csproj", "{09BF5899-085D-4854-8A09-EE3168C840DF}"
EndProject
Project("{9A19103F-16F7-4668-BE54-9A1E7A4F7556}") = "Hahn.ApplicationProcess.February2021.Domain", "Hahn.ApplicationProcess.February2021.Domain\Hahn.ApplicationProcess.February2021.Domain.csproj", "{4C62E192-52B4-472B-A283-B7781B76E77E}"
EndProject
Project("{9A19103F-16F7-4668-BE54-9A1E7A4F7556}") = "Hahn.ApplicationProcess.February2021.Application", "Hahn.ApplicationProcess.February2021.Application\Hahn.ApplicationProcess.February2021.Application.csproj", "{DD07AEFA-341D-4583-99A3-3628DB46BC43}"
EndProject
Project("{2150E333-8FDC-42A3-9474-1A3956D46DE8}") = "Tests", "Tests", "{A7F7A2E2-9750-4DE0-B008-EA3B0464C2E5}"
EndProject
Project("{FAE04EC0-301F-11D3-BF4B-00C04F79EFBC}") = "Hahn.ApplicationProcess.February2021.Tests", "Hahn.ApplicationProcess.February2021.Tests\Hahn.ApplicationProcess.February2021.Tests.csproj", "{54D7244D-542C-4C84-97A9-D23DB2BC894E}"
EndProject
Global
	GlobalSection(SolutionConfigurationPlatforms) = preSolution
		Debug|Any CPU = Debug|Any CPU
		Release|Any CPU = Release|Any CPU
	EndGlobalSection
	GlobalSection(ProjectConfigurationPlatforms) = postSolution
		{51AF76E9-531A-4D7C-8470-63FCE8A4DA2C}.Debug|Any CPU.ActiveCfg = Debug|Any CPU
		{51AF76E9-531A-4D7C-8470-63FCE8A4DA2C}.Debug|Any CPU.Build.0 = Debug|Any CPU
		{51AF76E9-531A-4D7C-8470-63FCE8A4DA2C}.Release|Any CPU.ActiveCfg = Release|Any CPU
		{51AF76E9-531A-4D7C-8470-63FCE8A4DA2C}.Release|Any CPU.Build.0 = Release|Any CPU
		{09BF5899-085D-4854-8A09-EE3168C840DF}.Debug|Any CPU.ActiveCfg = Debug|Any CPU
		{09BF5899-085D-4854-8A09-EE3168C840DF}.Debug|Any CPU.Build.0 = Debug|Any CPU
		{09BF5899-085D-4854-8A09-EE3168C840DF}.Release|Any CPU.ActiveCfg = Release|Any CPU
		{09BF5899-085D-4854-8A09-EE3168C840DF}.Release|Any CPU.Build.0 = Release|Any CPU
		{4C62E192-52B4-472B-A283-B7781B76E77E}.Debug|Any CPU.ActiveCfg = Debug|Any CPU
		{4C62E192-52B4-472B-A283-B7781B76E77E}.Debug|Any CPU.Build.0 = Debug|Any CPU
		{4C62E192-52B4-472B-A283-B7781B76E77E}.Release|Any CPU.ActiveCfg = Release|Any CPU
		{4C62E192-52B4-472B-A283-B7781B76E77E}.Release|Any CPU.Build.0 = Release|Any CPU
		{DD07AEFA-341D-4583-99A3-3628DB46BC43}.Debug|Any CPU.ActiveCfg = Debug|Any CPU
		{DD07AEFA-341D-4583-99A3-3628DB46BC43}.Debug|Any CPU.Build.0 = Debug|Any CPU
		{DD07AEFA-341D-4583-99A3-3628DB46BC43}.Release|Any CPU.ActiveCfg = Release|Any CPU
		{DD07AEFA-341D-4583-99A3-3628DB46BC43}.Release|Any CPU.Build.0 = Release|Any CPU
		{54D7244D-542C-4C84-97A9-D23DB2BC894E}.Debug|Any CPU.ActiveCfg = Debug|Any CPU
		{54D7244D-542C-4C84-97A9-D23DB2BC894E}.Debug|Any CPU.Build.0 = Debug|Any CPU
		{54D7244D-542C-4C84-97A9-D23DB2BC894E}.Release|Any CPU.ActiveCfg = Release|Any CPU
		{54D7244D-542C-4C84-97A9-D23DB2BC894E}.Release|Any CPU.Build.0 = Release|Any CPU
	EndGlobalSection
	GlobalSection(SolutionProperties) = preSolution
		HideSolutionNode = FALSE
	EndGlobalSection
	GlobalSection(NestedProjects) = preSolution
		{09BF5899-085D-4854-8A09-EE3168C840DF} = {7F5DF94F-136F-4A3B-91F1-7A436F37D4D0}
		{4C62E192-52B4-472B-A283-B7781B76E77E} = {7F5DF94F-136F-4A3B-91F1-7A436F37D4D0}
		{DD07AEFA-341D-4583-99A3-3628DB46BC43} = {7F5DF94F-136F-4A3B-91F1-7A436F37D4D0}
		{54D7244D-542C-4C84-97A9-D23DB2BC894E} = {A7F7A2E2-9750-4DE0-B008-EA3B0464C2E5}
	EndGlobalSection
	GlobalSection(ExtensibilityGlobals) = postSolution
		SolutionGuid = {A301BF24-91EC-4F44-A9D6-48C6DAE7C599}
	EndGlobalSection
EndGlobal
